
Microsoft Visual Studio Solution File, Format Version 12.00
# Visual Studio 15
VisualStudioVersion = 15.0.26403.3
MinimumVisualStudioVersion = 10.0.40219.1
Project("{FAE04EC0-301F-11D3-BF4B-00C04F79EFBC}") = "SportsStore.Domain", "SportsStore.Domain\SportsStore.Domain.csproj", "{7E22188D-6DFF-4D13-90F9-AE1D7CF80D08}"
EndProject
Project("{FAE04EC0-301F-11D3-BF4B-00C04F79EFBC}") = "SportsStore.WebUI", "SportsStore.WebUI\SportsStore.WebUI.csproj", "{4B4BB919-529E-46D5-A3BE-742DF2659703}"
EndProject
Project("{FAE04EC0-301F-11D3-BF4B-00C04F79EFBC}") = "SportsStore.UnitTests", "SportsStore.UnitTests\SportsStore.UnitTests.csproj", "{73FEA8F2-4CA7-4924-9F6F-5EF1332B3A0F}"
EndProject
Global
	GlobalSection(SolutionConfigurationPlatforms) = preSolution
		Debug|Any CPU = Debug|Any CPU
		Release|Any CPU = Release|Any CPU
	EndGlobalSection
	GlobalSection(ProjectConfigurationPlatforms) = postSolution
		{7E22188D-6DFF-4D13-90F9-AE1D7CF80D08}.Debug|Any CPU.ActiveCfg = Debug|Any CPU
		{7E22188D-6DFF-4D13-90F9-AE1D7CF80D08}.Debug|Any CPU.Build.0 = Debug|Any CPU
		{7E22188D-6DFF-4D13-90F9-AE1D7CF80D08}.Release|Any CPU.ActiveCfg = Release|Any CPU
		{7E22188D-6DFF-4D13-90F9-AE1D7CF80D08}.Release|Any CPU.Build.0 = Release|Any CPU
		{4B4BB919-529E-46D5-A3BE-742DF2659703}.Debug|Any CPU.ActiveCfg = Debug|Any CPU
		{4B4BB919-529E-46D5-A3BE-742DF2659703}.Debug|Any CPU.Build.0 = Debug|Any CPU
		{4B4BB919-529E-46D5-A3BE-742DF2659703}.Release|Any CPU.ActiveCfg = Release|Any CPU
		{4B4BB919-529E-46D5-A3BE-742DF2659703}.Release|Any CPU.Build.0 = Release|Any CPU
		{73FEA8F2-4CA7-4924-9F6F-5EF1332B3A0F}.Debug|Any CPU.ActiveCfg = Debug|Any CPU
		{73FEA8F2-4CA7-4924-9F6F-5EF1332B3A0F}.Debug|Any CPU.Build.0 = Debug|Any CPU
		{73FEA8F2-4CA7-4924-9F6F-5EF1332B3A0F}.Release|Any CPU.ActiveCfg = Release|Any CPU
		{73FEA8F2-4CA7-4924-9F6F-5EF1332B3A0F}.Release|Any CPU.Build.0 = Release|Any CPU
	EndGlobalSection
	GlobalSection(SolutionProperties) = preSolution
		HideSolutionNode = FALSE
	EndGlobalSection
EndGlobal
